<?xml version="1.0" encoding="utf-8"?>
<Project ToolsVersion="4.0" xmlns="http://schemas.microsoft.com/developer/msbuild/2003">
  <ItemGroup>
    <Filter Include="Source files">
      <UniqueIdentifier>{c8cbc909-62cf-4b8f-9a73-a80ba8f9bb50}</UniqueIdentifier>
      <Extensions>cpp;c;cc;cxx;def;odl;idl;hpj;bat;asm;asmx</Extensions>
    </Filter>
    <Filter Include="Header files">
      <UniqueIdentifier>{31e9232c-6be2-4221-880d-6d28c8d8c773}</UniqueIdentifier>
      <Extensions>h;hpp;hxx;hm;inl;inc;xsd</Extensions>
    </Filter>
    <Filter Include="Resource files">
      <UniqueIdentifier>{c341e010-f564-4dd9-b562-80138ac6e992}</UniqueIdentifier>
      <Extensions>rc;ico;cur;bmp;dlg;rc2;rct;bin;rgs;gif;jpg;jpeg;jpe;resx;tiff;tif;png;wav</Extensions>
    </Filter>
    <Filter Include="Source files\Device-specific files">
      <UniqueIdentifier>{1f57bc8b-2525-4d55-92a6-d72d12d08df2}</UniqueIdentifier>
    </Filter>
    <Filter Include="Header files\Device-specific files">
      <UniqueIdentifier>{f35fedf9-6ee0-44b5-82ed-96a8713cdc96}</UniqueIdentifier>
    </Filter>
    <Filter Include="VisualGDB settings">
      <UniqueIdentifier>{ace9b842-2a3c-48a5-b521-5ce61093e581}</UniqueIdentifier>
    </Filter>
  </ItemGroup>
  <ItemGroup>
    <None Include="stm32.props">
      <Filter>Source files\Device-specific files</Filter>
    </None>
    <ClCompile Include="$(BSP_ROOT)\STM32F7xxxx\StartupFiles\startup_stm32f746xx.c">
      <Filter>Source files\Device-specific files</Filter>
    </ClCompile>
    <None Include="DI-Debug.vgdbsettings">
      <Filter>VisualGDB settings</Filter>
    </None>
    <None Include="DI-Release.vgdbsettings">
      <Filter>VisualGDB settings</Filter>
    </None>
    <None Include="stm32.xml">
      <Filter>VisualGDB settings</Filter>
    </None>
  </ItemGroup>
  <ItemGroup>
    <ClCompile Include="Source.cpp">
      <Filter>Source files</Filter>
    </ClCompile>
    <ClCompile Include="..\lib\stm32f7xx_hal_gpio.c">
      <Filter>Source files</Filter>
    </ClCompile>
    <ClCompile Include="..\lib\stm32f7xx_hal_rcc.c">
      <Filter>Source files</Filter>
    </ClCompile>
  </ItemGroup>
  <ItemGroup>
    <ClInclude Include="..\lib\stm32f7xx_hal_gpio.h">
      <Filter>Header files</Filter>
    </ClInclude>
  </ItemGroup>
</Project>